
Microsoft Visual Studio Solution File, Format Version 12.00
# Visual Studio Version 17
VisualStudioVersion = 17.0.31903.59
MinimumVisualStudioVersion = 10.0.40219.1
Project("{FAE04EC0-301F-11D3-BF4B-00C04F79EFBC}") = "AM.UI.Console", "AM.UI.Console\AM.UI.Console.csproj", "{640ECAF4-D9D1-44A3-ABDE-33B655A8B50F}"
EndProject
Project("{FAE04EC0-301F-11D3-BF4B-00C04F79EFBC}") = "AM.ApplicationCore", "AM.ApplicationCore\AM.ApplicationCore.csproj", "{32EA5D4A-CE51-4B72-941E-90CB238D4B51}"
EndProject
Global
	GlobalSection(SolutionConfigurationPlatforms) = preSolution
		Debug|Any CPU = Debug|Any CPU
		Release|Any CPU = Release|Any CPU
	EndGlobalSection
	GlobalSection(SolutionProperties) = preSolution
		HideSolutionNode = FALSE
	EndGlobalSection
	GlobalSection(ProjectConfigurationPlatforms) = postSolution
		{640ECAF4-D9D1-44A3-ABDE-33B655A8B50F}.Debug|Any CPU.ActiveCfg = Debug|Any CPU
		{640ECAF4-D9D1-44A3-ABDE-33B655A8B50F}.Debug|Any CPU.Build.0 = Debug|Any CPU
		{640ECAF4-D9D1-44A3-ABDE-33B655A8B50F}.Release|Any CPU.ActiveCfg = Release|Any CPU
		{640ECAF4-D9D1-44A3-ABDE-33B655A8B50F}.Release|Any CPU.Build.0 = Release|Any CPU
		{32EA5D4A-CE51-4B72-941E-90CB238D4B51}.Debug|Any CPU.ActiveCfg = Debug|Any CPU
		{32EA5D4A-CE51-4B72-941E-90CB238D4B51}.Debug|Any CPU.Build.0 = Debug|Any CPU
		{32EA5D4A-CE51-4B72-941E-90CB238D4B51}.Release|Any CPU.ActiveCfg = Release|Any CPU
		{32EA5D4A-CE51-4B72-941E-90CB238D4B51}.Release|Any CPU.Build.0 = Release|Any CPU
	EndGlobalSection
EndGlobal
